# This file is automatically @generated by Cargo.
# It is not intended for manual editing.
version = 3

[[package]]
name = "oliana_cli"
version = "0.1.0"
dependencies = [
 "oliana_lib",
]

[[package]]
name = "oliana_gui"
version = "0.1.0"
dependencies = [
 "oliana_lib",
]

[[package]]
name = "oliana_images"
version = "0.1.0"
dependencies = [
 "oliana_lib",
]

[[package]]
name = "oliana_lib"
version = "0.1.0"

[[package]]
name = "oliana_text"
version = "0.1.0"
dependencies = [
 "oliana_lib",
]
